
Microsoft Visual Studio Solution File, Format Version 12.00
# Visual Studio 15
VisualStudioVersion = 15.0.28307.902
MinimumVisualStudioVersion = 10.0.40219.1
Project("{9A19103F-16F7-4668-BE54-9A1E7A4F7556}") = "Meeting_Room_Booking_System", "Meeting Room Booking System\Meeting_Room_Booking_System.csproj", "{5D893B22-2514-4F22-8787-06111B3262EA}"
EndProject
Project("{FAE04EC0-301F-11D3-BF4B-00C04F79EFBC}") = "Meeting_Room_Booking_System_UnitTests", "Meeting_Room_Booking_System_UnitTests\Meeting_Room_Booking_System_UnitTests.csproj", "{F3F7DBD3-557D-4384-8586-4CFBD0514B25}"
EndProject
Global
	GlobalSection(SolutionConfigurationPlatforms) = preSolution
		Debug|Any CPU = Debug|Any CPU
		Release|Any CPU = Release|Any CPU
	EndGlobalSection
	GlobalSection(ProjectConfigurationPlatforms) = postSolution
		{5D893B22-2514-4F22-8787-06111B3262EA}.Debug|Any CPU.ActiveCfg = Debug|Any CPU
		{5D893B22-2514-4F22-8787-06111B3262EA}.Debug|Any CPU.Build.0 = Debug|Any CPU
		{5D893B22-2514-4F22-8787-06111B3262EA}.Release|Any CPU.ActiveCfg = Release|Any CPU
		{5D893B22-2514-4F22-8787-06111B3262EA}.Release|Any CPU.Build.0 = Release|Any CPU
		{F3F7DBD3-557D-4384-8586-4CFBD0514B25}.Debug|Any CPU.ActiveCfg = Debug|Any CPU
		{F3F7DBD3-557D-4384-8586-4CFBD0514B25}.Debug|Any CPU.Build.0 = Debug|Any CPU
		{F3F7DBD3-557D-4384-8586-4CFBD0514B25}.Release|Any CPU.ActiveCfg = Release|Any CPU
		{F3F7DBD3-557D-4384-8586-4CFBD0514B25}.Release|Any CPU.Build.0 = Release|Any CPU
	EndGlobalSection
	GlobalSection(SolutionProperties) = preSolution
		HideSolutionNode = FALSE
	EndGlobalSection
	GlobalSection(ExtensibilityGlobals) = postSolution
		SolutionGuid = {0D472072-36A0-4FF8-BCD2-1B4540E375E5}
	EndGlobalSection
EndGlobal
